
Microsoft Visual Studio Solution File, Format Version 12.00
# Visual Studio Version 17
VisualStudioVersion = 17.0.32014.148
MinimumVisualStudioVersion = 10.0.40219.1
Project("{FAE04EC0-301F-11D3-BF4B-00C04F79EFBC}") = "BasicCoreProgram", "BasicCoreProgram.csproj", "{B8E770A3-DEB7-4485-A64C-A48C8FE576EF}"
EndProject
Global
	GlobalSection(SolutionConfigurationPlatforms) = preSolution
		Debug|Any CPU = Debug|Any CPU
		Release|Any CPU = Release|Any CPU
	EndGlobalSection
	GlobalSection(ProjectConfigurationPlatforms) = postSolution
		{B8E770A3-DEB7-4485-A64C-A48C8FE576EF}.Debug|Any CPU.ActiveCfg = Debug|Any CPU
		{B8E770A3-DEB7-4485-A64C-A48C8FE576EF}.Debug|Any CPU.Build.0 = Debug|Any CPU
		{B8E770A3-DEB7-4485-A64C-A48C8FE576EF}.Release|Any CPU.ActiveCfg = Release|Any CPU
		{B8E770A3-DEB7-4485-A64C-A48C8FE576EF}.Release|Any CPU.Build.0 = Release|Any CPU
	EndGlobalSection
	GlobalSection(SolutionProperties) = preSolution
		HideSolutionNode = FALSE
	EndGlobalSection
	GlobalSection(ExtensibilityGlobals) = postSolution
		SolutionGuid = {A980C055-E0C0-4D95-B7BD-9133322B2B82}
	EndGlobalSection
EndGlobal
